
Microsoft Visual Studio Solution File, Format Version 12.00
# Visual Studio Version 16
VisualStudioVersion = 16.0.32126.315
MinimumVisualStudioVersion = 10.0.40219.1
Project("{FAE04EC0-301F-11D3-BF4B-00C04F79EFBC}") = "ArticlesParser", "ArticlesParser\ArticlesParser.csproj", "{B9D1240C-B16E-4C58-BD04-7700D7D2D15F}"
EndProject
Project("{2150E333-8FDC-42A3-9474-1A3956D46DE8}") = "Libraries", "Libraries", "{DC4C5EFA-33C2-464C-84CE-59360A82955D}"
EndProject
Global
	GlobalSection(SolutionConfigurationPlatforms) = preSolution
		Debug|Any CPU = Debug|Any CPU
		Release|Any CPU = Release|Any CPU
	EndGlobalSection
	GlobalSection(ProjectConfigurationPlatforms) = postSolution
		{B9D1240C-B16E-4C58-BD04-7700D7D2D15F}.Debug|Any CPU.ActiveCfg = Debug|Any CPU
		{B9D1240C-B16E-4C58-BD04-7700D7D2D15F}.Debug|Any CPU.Build.0 = Debug|Any CPU
		{B9D1240C-B16E-4C58-BD04-7700D7D2D15F}.Release|Any CPU.ActiveCfg = Release|Any CPU
		{B9D1240C-B16E-4C58-BD04-7700D7D2D15F}.Release|Any CPU.Build.0 = Release|Any CPU
	EndGlobalSection
	GlobalSection(SolutionProperties) = preSolution
		HideSolutionNode = FALSE
	EndGlobalSection
	GlobalSection(NestedProjects) = preSolution
		{B9D1240C-B16E-4C58-BD04-7700D7D2D15F} = {DC4C5EFA-33C2-464C-84CE-59360A82955D}
	EndGlobalSection
	GlobalSection(ExtensibilityGlobals) = postSolution
		SolutionGuid = {29E90213-F72A-46C0-9126-E5E9D708E0C8}
	EndGlobalSection
EndGlobal
